// !$*UTF8*$!
{
	archiveVersion = 1;
	classes = {
	};
	objectVersion = 56;
	objects = {

/* Begin PBXBuildFile section */
		D206E5792A5B80A90040E62A /* HomeView.swift in Sources */ = {isa = PBXBuildFile; fileRef = D206E5782A5B80A90040E62A /* HomeView.swift */; };
		D29203482A51E4020051B1DC /* VerificationView.swift in Sources */ = {isa = PBXBuildFile; fileRef = D29203472A51E4020051B1DC /* VerificationView.swift */; };
		D292034B2A51F0090051B1DC /* Onboard1.swift in Sources */ = {isa = PBXBuildFile; fileRef = D292034A2A51F0090051B1DC /* Onboard1.swift */; };
		D292034D2A51F01E0051B1DC /* Onboard2.swift in Sources */ = {isa = PBXBuildFile; fileRef = D292034C2A51F01E0051B1DC /* Onboard2.swift */; };
		D292BAEF2A62CC2600D10A98 /* Backend.swift in Sources */ = {isa = PBXBuildFile; fileRef = D292BAEE2A62CC2600D10A98 /* Backend.swift */; };
		D2C64B0F2A5D0DE400A15989 /* BottomView.swift in Sources */ = {isa = PBXBuildFile; fileRef = D2C64B0E2A5D0DE400A15989 /* BottomView.swift */; };
		D2C64B122A5D0F8B00A15989 /* Clubs.swift in Sources */ = {isa = PBXBuildFile; fileRef = D2C64B112A5D0F8B00A15989 /* Clubs.swift */; };
		D2C64B142A5D11F900A15989 /* Message.swift in Sources */ = {isa = PBXBuildFile; fileRef = D2C64B132A5D11F900A15989 /* Message.swift */; };
		D2C64B162A5D125C00A15989 /* Profile.swift in Sources */ = {isa = PBXBuildFile; fileRef = D2C64B152A5D125C00A15989 /* Profile.swift */; };
		D2C64B182A5D1C5500A15989 /* Select.swift in Sources */ = {isa = PBXBuildFile; fileRef = D2C64B172A5D1C5500A15989 /* Select.swift */; };
		D2DC0BE72A506C1700AF9F68 /* SIgnUpView.swift in Sources */ = {isa = PBXBuildFile; fileRef = D2DC0BE62A506C1700AF9F68 /* SIgnUpView.swift */; };
		D2DC1F352A5EF2D300D5D254 /* ForgetPassUser.swift in Sources */ = {isa = PBXBuildFile; fileRef = D2DC1F342A5EF2D300D5D254 /* ForgetPassUser.swift */; };
		D2DC1F372A5F078400D5D254 /* ResVerification.swift in Sources */ = {isa = PBXBuildFile; fileRef = D2DC1F362A5F078400D5D254 /* ResVerification.swift */; };
		D2DC1F392A5F1C2B00D5D254 /* ResPassword.swift in Sources */ = {isa = PBXBuildFile; fileRef = D2DC1F382A5F1C2B00D5D254 /* ResPassword.swift */; };
		D2DCB2D52A4F8C1000A4F0F7 /* bubbelApp.swift in Sources */ = {isa = PBXBuildFile; fileRef = D2DCB2D42A4F8C1000A4F0F7 /* bubbelApp.swift */; };
		D2DCB2D72A4F8C1000A4F0F7 /* LoginView.swift in Sources */ = {isa = PBXBuildFile; fileRef = D2DCB2D62A4F8C1000A4F0F7 /* LoginView.swift */; };
		D2DCB2D92A4F8C1100A4F0F7 /* Assets.xcassets in Resources */ = {isa = PBXBuildFile; fileRef = D2DCB2D82A4F8C1100A4F0F7 /* Assets.xcassets */; };
		D2DCB2DC2A4F8C1100A4F0F7 /* Preview Assets.xcassets in Resources */ = {isa = PBXBuildFile; fileRef = D2DCB2DB2A4F8C1100A4F0F7 /* Preview Assets.xcassets */; };
		D2DCB2E62A4F8C1100A4F0F7 /* bubbelTests.swift in Sources */ = {isa = PBXBuildFile; fileRef = D2DCB2E52A4F8C1100A4F0F7 /* bubbelTests.swift */; };
		D2DCB2F02A4F8C1100A4F0F7 /* bubbelUITests.swift in Sources */ = {isa = PBXBuildFile; fileRef = D2DCB2EF2A4F8C1100A4F0F7 /* bubbelUITests.swift */; };
		D2DCB2F22A4F8C1100A4F0F7 /* bubbelUITestsLaunchTests.swift in Sources */ = {isa = PBXBuildFile; fileRef = D2DCB2F12A4F8C1100A4F0F7 /* bubbelUITestsLaunchTests.swift */; };
		D2E9471B2A6B100C00249AB1 /* Setting.swift in Sources */ = {isa = PBXBuildFile; fileRef = D2E9471A2A6B100C00249AB1 /* Setting.swift */; };
		D2EFA28D2A5321D400C29566 /* SplashScreenView.swift in Sources */ = {isa = PBXBuildFile; fileRef = D2EFA28C2A5321D400C29566 /* SplashScreenView.swift */; };
		D2EFA2922A533CF400C29566 /* CircularStd-BoldItalic.ttf in Resources */ = {isa = PBXBuildFile; fileRef = D2EFA2912A533CF400C29566 /* CircularStd-BoldItalic.ttf */; };
		D2EFA2942A533D2400C29566 /* CircularStd-Book.ttf in Resources */ = {isa = PBXBuildFile; fileRef = D2EFA2932A533D2400C29566 /* CircularStd-Book.ttf */; };
		D2EFA2962A533D2E00C29566 /* CircularStd-BookItalic.ttf in Resources */ = {isa = PBXBuildFile; fileRef = D2EFA2952A533D2E00C29566 /* CircularStd-BookItalic.ttf */; };
		D2EFA2982A533D4400C29566 /* CircularStd-Medium.ttf in Resources */ = {isa = PBXBuildFile; fileRef = D2EFA2972A533D4400C29566 /* CircularStd-Medium.ttf */; };
		D2EFA29A2A533D5000C29566 /* CircularStd-Black.ttf in Resources */ = {isa = PBXBuildFile; fileRef = D2EFA2992A533D5000C29566 /* CircularStd-Black.ttf */; };
		D2EFA29C2A533D6200C29566 /* CircularStd-BlackItalic.ttf in Resources */ = {isa = PBXBuildFile; fileRef = D2EFA29B2A533D6200C29566 /* CircularStd-BlackItalic.ttf */; };
		D2EFA2A32A534A6000C29566 /* CircularStd-Bold.ttf in Resources */ = {isa = PBXBuildFile; fileRef = D2EFA29D2A533D6A00C29566 /* CircularStd-Bold.ttf */; };
		D2F1BE422A52214A0035DC62 /* Onboard3.swift in Sources */ = {isa = PBXBuildFile; fileRef = D2F1BE412A52214A0035DC62 /* Onboard3.swift */; };
		D2F1BE442A52221D0035DC62 /* Onboard4.swift in Sources */ = {isa = PBXBuildFile; fileRef = D2F1BE432A52221D0035DC62 /* Onboard4.swift */; };
		D2F1BE462A5225590035DC62 /* OnboardingView.swift in Sources */ = {isa = PBXBuildFile; fileRef = D2F1BE452A5225590035DC62 /* OnboardingView.swift */; };
/* End PBXBuildFile section */

/* Begin PBXContainerItemProxy section */
		D2DCB2E22A4F8C1100A4F0F7 /* PBXContainerItemProxy */ = {
			isa = PBXContainerItemProxy;
			containerPortal = D2DCB2C92A4F8C1000A4F0F7 /* Project object */;
			proxyType = 1;
			remoteGlobalIDString = D2DCB2D02A4F8C1000A4F0F7;
			remoteInfo = bubbel;
		};
		D2DCB2EC2A4F8C1100A4F0F7 /* PBXContainerItemProxy */ = {
			isa = PBXContainerItemProxy;
			containerPortal = D2DCB2C92A4F8C1000A4F0F7 /* Project object */;
			proxyType = 1;
			remoteGlobalIDString = D2DCB2D02A4F8C1000A4F0F7;
			remoteInfo = bubbel;
		};
/* End PBXContainerItemProxy section */

/* Begin PBXFileReference section */
		D206E5782A5B80A90040E62A /* HomeView.swift */ = {isa = PBXFileReference; lastKnownFileType = sourcecode.swift; path = HomeView.swift; sourceTree = "<group>"; };
		D29203472A51E4020051B1DC /* VerificationView.swift */ = {isa = PBXFileReference; lastKnownFileType = sourcecode.swift; path = VerificationView.swift; sourceTree = "<group>"; };
		D292034A2A51F0090051B1DC /* Onboard1.swift */ = {isa = PBXFileReference; lastKnownFileType = sourcecode.swift; path = Onboard1.swift; sourceTree = "<group>"; };
		D292034C2A51F01E0051B1DC /* Onboard2.swift */ = {isa = PBXFileReference; lastKnownFileType = sourcecode.swift; path = Onboard2.swift; sourceTree = "<group>"; };
		D292BAEE2A62CC2600D10A98 /* Backend.swift */ = {isa = PBXFileReference; lastKnownFileType = sourcecode.swift; path = Backend.swift; sourceTree = "<group>"; };
		D2C64B0E2A5D0DE400A15989 /* BottomView.swift */ = {isa = PBXFileReference; lastKnownFileType = sourcecode.swift; path = BottomView.swift; sourceTree = "<group>"; };
		D2C64B112A5D0F8B00A15989 /* Clubs.swift */ = {isa = PBXFileReference; lastKnownFileType = sourcecode.swift; path = Clubs.swift; sourceTree = "<group>"; };
		D2C64B132A5D11F900A15989 /* Message.swift */ = {isa = PBXFileReference; lastKnownFileType = sourcecode.swift; path = Message.swift; sourceTree = "<group>"; };
		D2C64B152A5D125C00A15989 /* Profile.swift */ = {isa = PBXFileReference; lastKnownFileType = sourcecode.swift; path = Profile.swift; sourceTree = "<group>"; };
		D2C64B172A5D1C5500A15989 /* Select.swift */ = {isa = PBXFileReference; lastKnownFileType = sourcecode.swift; path = Select.swift; sourceTree = "<group>"; };
		D2DC0BE62A506C1700AF9F68 /* SIgnUpView.swift */ = {isa = PBXFileReference; lastKnownFileType = sourcecode.swift; path = SIgnUpView.swift; sourceTree = "<group>"; };
		D2DC1F342A5EF2D300D5D254 /* ForgetPassUser.swift */ = {isa = PBXFileReference; lastKnownFileType = sourcecode.swift; path = ForgetPassUser.swift; sourceTree = "<group>"; };
		D2DC1F362A5F078400D5D254 /* ResVerification.swift */ = {isa = PBXFileReference; lastKnownFileType = sourcecode.swift; path = ResVerification.swift; sourceTree = "<group>"; };
		D2DC1F382A5F1C2B00D5D254 /* ResPassword.swift */ = {isa = PBXFileReference; lastKnownFileType = sourcecode.swift; path = ResPassword.swift; sourceTree = "<group>"; };
		D2DCB2D12A4F8C1000A4F0F7 /* bubbel.app */ = {isa = PBXFileReference; explicitFileType = wrapper.application; includeInIndex = 0; path = bubbel.app; sourceTree = BUILT_PRODUCTS_DIR; };
		D2DCB2D42A4F8C1000A4F0F7 /* bubbelApp.swift */ = {isa = PBXFileReference; lastKnownFileType = sourcecode.swift; path = bubbelApp.swift; sourceTree = "<group>"; };
		D2DCB2D62A4F8C1000A4F0F7 /* LoginView.swift */ = {isa = PBXFileReference; indentWidth = 4; lastKnownFileType = sourcecode.swift; path = LoginView.swift; sourceTree = "<group>"; usesTabs = 1; };
		D2DCB2D82A4F8C1100A4F0F7 /* Assets.xcassets */ = {isa = PBXFileReference; lastKnownFileType = folder.assetcatalog; path = Assets.xcassets; sourceTree = "<group>"; };
		D2DCB2DB2A4F8C1100A4F0F7 /* Preview Assets.xcassets */ = {isa = PBXFileReference; lastKnownFileType = folder.assetcatalog; path = "Preview Assets.xcassets"; sourceTree = "<group>"; };
		D2DCB2E12A4F8C1100A4F0F7 /* bubbelTests.xctest */ = {isa = PBXFileReference; explicitFileType = wrapper.cfbundle; includeInIndex = 0; path = bubbelTests.xctest; sourceTree = BUILT_PRODUCTS_DIR; };
		D2DCB2E52A4F8C1100A4F0F7 /* bubbelTests.swift */ = {isa = PBXFileReference; lastKnownFileType = sourcecode.swift; path = bubbelTests.swift; sourceTree = "<group>"; };
		D2DCB2EB2A4F8C1100A4F0F7 /* bubbelUITests.xctest */ = {isa = PBXFileReference; explicitFileType = wrapper.cfbundle; includeInIndex = 0; path = bubbelUITests.xctest; sourceTree = BUILT_PRODUCTS_DIR; };
		D2DCB2EF2A4F8C1100A4F0F7 /* bubbelUITests.swift */ = {isa = PBXFileReference; lastKnownFileType = sourcecode.swift; path = bubbelUITests.swift; sourceTree = "<group>"; };
		D2DCB2F12A4F8C1100A4F0F7 /* bubbelUITestsLaunchTests.swift */ = {isa = PBXFileReference; lastKnownFileType = sourcecode.swift; path = bubbelUITestsLaunchTests.swift; sourceTree = "<group>"; };
		D2E9471A2A6B100C00249AB1 /* Setting.swift */ = {isa = PBXFileReference; lastKnownFileType = sourcecode.swift; path = Setting.swift; sourceTree = "<group>"; };
		D2EFA28C2A5321D400C29566 /* SplashScreenView.swift */ = {isa = PBXFileReference; lastKnownFileType = sourcecode.swift; path = SplashScreenView.swift; sourceTree = "<group>"; };
		D2EFA2912A533CF400C29566 /* CircularStd-BoldItalic.ttf */ = {isa = PBXFileReference; lastKnownFileType = file; path = "CircularStd-BoldItalic.ttf"; sourceTree = "<group>"; };
		D2EFA2932A533D2400C29566 /* CircularStd-Book.ttf */ = {isa = PBXFileReference; lastKnownFileType = file; path = "CircularStd-Book.ttf"; sourceTree = "<group>"; };
		D2EFA2952A533D2E00C29566 /* CircularStd-BookItalic.ttf */ = {isa = PBXFileReference; lastKnownFileType = file; path = "CircularStd-BookItalic.ttf"; sourceTree = "<group>"; };
		D2EFA2972A533D4400C29566 /* CircularStd-Medium.ttf */ = {isa = PBXFileReference; lastKnownFileType = file; path = "CircularStd-Medium.ttf"; sourceTree = "<group>"; };
		D2EFA2992A533D5000C29566 /* CircularStd-Black.ttf */ = {isa = PBXFileReference; lastKnownFileType = file; path = "CircularStd-Black.ttf"; sourceTree = "<group>"; };
		D2EFA29B2A533D6200C29566 /* CircularStd-BlackItalic.ttf */ = {isa = PBXFileReference; lastKnownFileType = file; path = "CircularStd-BlackItalic.ttf"; sourceTree = "<group>"; };
		D2EFA29D2A533D6A00C29566 /* CircularStd-Bold.ttf */ = {isa = PBXFileReference; lastKnownFileType = file; path = "CircularStd-Bold.ttf"; sourceTree = "<group>"; };
		D2F1BE412A52214A0035DC62 /* Onboard3.swift */ = {isa = PBXFileReference; lastKnownFileType = sourcecode.swift; path = Onboard3.swift; sourceTree = "<group>"; };
		D2F1BE432A52221D0035DC62 /* Onboard4.swift */ = {isa = PBXFileReference; lastKnownFileType = sourcecode.swift; path = Onboard4.swift; sourceTree = "<group>"; };
		D2F1BE452A5225590035DC62 /* OnboardingView.swift */ = {isa = PBXFileReference; lastKnownFileType = sourcecode.swift; path = OnboardingView.swift; sourceTree = "<group>"; };
/* End PBXFileReference section */

/* Begin PBXFrameworksBuildPhase section */
		D2DCB2CE2A4F8C1000A4F0F7 /* Frameworks */ = {
			isa = PBXFrameworksBuildPhase;
			buildActionMask = 2147483647;
			files = (
			);
			runOnlyForDeploymentPostprocessing = 0;
		};
		D2DCB2DE2A4F8C1100A4F0F7 /* Frameworks */ = {
			isa = PBXFrameworksBuildPhase;
			buildActionMask = 2147483647;
			files = (
			);
			runOnlyForDeploymentPostprocessing = 0;
		};
		D2DCB2E82A4F8C1100A4F0F7 /* Frameworks */ = {
			isa = PBXFrameworksBuildPhase;
			buildActionMask = 2147483647;
			files = (
			);
			runOnlyForDeploymentPostprocessing = 0;
		};
/* End PBXFrameworksBuildPhase section */

/* Begin PBXGroup section */
		D29203462A51E1A80051B1DC /* SignUp */ = {
			isa = PBXGroup;
			children = (
				D2DC0BE62A506C1700AF9F68 /* SIgnUpView.swift */,
				D29203472A51E4020051B1DC /* VerificationView.swift */,
			);
			name = SignUp;
			sourceTree = "<group>";
		};
		D29203492A51ECC10051B1DC /* Onboarding */ = {
			isa = PBXGroup;
			children = (
				D292034A2A51F0090051B1DC /* Onboard1.swift */,
				D292034C2A51F01E0051B1DC /* Onboard2.swift */,
				D2F1BE412A52214A0035DC62 /* Onboard3.swift */,
				D2F1BE432A52221D0035DC62 /* Onboard4.swift */,
				D2F1BE452A5225590035DC62 /* OnboardingView.swift */,
			);
			name = Onboarding;
			sourceTree = "<group>";
		};
		D2C64B102A5D0F5000A15989 /* Screens */ = {
			isa = PBXGroup;
			children = (
				D2C64B112A5D0F8B00A15989 /* Clubs.swift */,
				D2C64B132A5D11F900A15989 /* Message.swift */,
				D2C64B152A5D125C00A15989 /* Profile.swift */,
				D2C64B172A5D1C5500A15989 /* Select.swift */,
				D2E9471A2A6B100C00249AB1 /* Setting.swift */,
			);
			path = Screens;
			sourceTree = "<group>";
		};
		D2DC1F332A5EF2A200D5D254 /* ForgetPass */ = {
			isa = PBXGroup;
			children = (
				D2DC1F342A5EF2D300D5D254 /* ForgetPassUser.swift */,
				D2DC1F362A5F078400D5D254 /* ResVerification.swift */,
				D2DC1F382A5F1C2B00D5D254 /* ResPassword.swift */,
			);
			path = ForgetPass;
			sourceTree = "<group>";
		};
		D2DCB2C82A4F8C1000A4F0F7 = {
			isa = PBXGroup;
			children = (
				D2DCB2D32A4F8C1000A4F0F7 /* bubbel */,
				D2DCB2E42A4F8C1100A4F0F7 /* bubbelTests */,
				D2DCB2EE2A4F8C1100A4F0F7 /* bubbelUITests */,
				D2DCB2D22A4F8C1000A4F0F7 /* Products */,
			);
			sourceTree = "<group>";
		};
		D2DCB2D22A4F8C1000A4F0F7 /* Products */ = {
			isa = PBXGroup;
			children = (
				D2DCB2D12A4F8C1000A4F0F7 /* bubbel.app */,
				D2DCB2E12A4F8C1100A4F0F7 /* bubbelTests.xctest */,
				D2DCB2EB2A4F8C1100A4F0F7 /* bubbelUITests.xctest */,
			);
			name = Products;
			sourceTree = "<group>";
		};
		D2DCB2D32A4F8C1000A4F0F7 /* bubbel */ = {
			isa = PBXGroup;
			children = (
				D2DC1F332A5EF2A200D5D254 /* ForgetPass */,
				D2C64B102A5D0F5000A15989 /* Screens */,
				D2EFA28E2A53364400C29566 /* Font */,
				D2EFA28C2A5321D400C29566 /* SplashScreenView.swift */,
				D29203492A51ECC10051B1DC /* Onboarding */,
				D29203462A51E1A80051B1DC /* SignUp */,
				D2DCB2D42A4F8C1000A4F0F7 /* bubbelApp.swift */,
				D2DCB2D62A4F8C1000A4F0F7 /* LoginView.swift */,
				D2DCB2D82A4F8C1100A4F0F7 /* Assets.xcassets */,
				D2DCB2DA2A4F8C1100A4F0F7 /* Preview Content */,
				D206E5782A5B80A90040E62A /* HomeView.swift */,
				D2C64B0E2A5D0DE400A15989 /* BottomView.swift */,
				D292BAEE2A62CC2600D10A98 /* Backend.swift */,
			);
			path = bubbel;
			sourceTree = "<group>";
		};
		D2DCB2DA2A4F8C1100A4F0F7 /* Preview Content */ = {
			isa = PBXGroup;
			children = (
				D2DCB2DB2A4F8C1100A4F0F7 /* Preview Assets.xcassets */,
			);
			path = "Preview Content";
			sourceTree = "<group>";
		};
		D2DCB2E42A4F8C1100A4F0F7 /* bubbelTests */ = {
			isa = PBXGroup;
			children = (
				D2DCB2E52A4F8C1100A4F0F7 /* bubbelTests.swift */,
			);
			path = bubbelTests;
			sourceTree = "<group>";
		};
		D2DCB2EE2A4F8C1100A4F0F7 /* bubbelUITests */ = {
			isa = PBXGroup;
			children = (
				D2DCB2EF2A4F8C1100A4F0F7 /* bubbelUITests.swift */,
				D2DCB2F12A4F8C1100A4F0F7 /* bubbelUITestsLaunchTests.swift */,
			);
			path = bubbelUITests;
			sourceTree = "<group>";
		};
		D2EFA28E2A53364400C29566 /* Font */ = {
			isa = PBXGroup;
			children = (
				D2EFA2912A533CF400C29566 /* CircularStd-BoldItalic.ttf */,
				D2EFA29D2A533D6A00C29566 /* CircularStd-Bold.ttf */,
				D2EFA29B2A533D6200C29566 /* CircularStd-BlackItalic.ttf */,
				D2EFA2992A533D5000C29566 /* CircularStd-Black.ttf */,
				D2EFA2972A533D4400C29566 /* CircularStd-Medium.ttf */,
				D2EFA2952A533D2E00C29566 /* CircularStd-BookItalic.ttf */,
				D2EFA2932A533D2400C29566 /* CircularStd-Book.ttf */,
			);
			path = Font;
			sourceTree = "<group>";
		};
/* End PBXGroup section */

/* Begin PBXNativeTarget section */
		D2DCB2D02A4F8C1000A4F0F7 /* bubbel */ = {
			isa = PBXNativeTarget;
			buildConfigurationList = D2DCB2F52A4F8C1100A4F0F7 /* Build configuration list for PBXNativeTarget "bubbel" */;
			buildPhases = (
				D2DCB2CD2A4F8C1000A4F0F7 /* Sources */,
				D2DCB2CE2A4F8C1000A4F0F7 /* Frameworks */,
				D2DCB2CF2A4F8C1000A4F0F7 /* Resources */,
			);
			buildRules = (
			);
			dependencies = (
			);
			name = bubbel;
			productName = bubbel;
			productReference = D2DCB2D12A4F8C1000A4F0F7 /* bubbel.app */;
			productType = "com.apple.product-type.application";
		};
		D2DCB2E02A4F8C1100A4F0F7 /* bubbelTests */ = {
			isa = PBXNativeTarget;
			buildConfigurationList = D2DCB2F82A4F8C1100A4F0F7 /* Build configuration list for PBXNativeTarget "bubbelTests" */;
			buildPhases = (
				D2DCB2DD2A4F8C1100A4F0F7 /* Sources */,
				D2DCB2DE2A4F8C1100A4F0F7 /* Frameworks */,
				D2DCB2DF2A4F8C1100A4F0F7 /* Resources */,
			);
			buildRules = (
			);
			dependencies = (
				D2DCB2E32A4F8C1100A4F0F7 /* PBXTargetDependency */,
			);
			name = bubbelTests;
			productName = bubbelTests;
			productReference = D2DCB2E12A4F8C1100A4F0F7 /* bubbelTests.xctest */;
			productType = "com.apple.product-type.bundle.unit-test";
		};
		D2DCB2EA2A4F8C1100A4F0F7 /* bubbelUITests */ = {
			isa = PBXNativeTarget;
			buildConfigurationList = D2DCB2FB2A4F8C1100A4F0F7 /* Build configuration list for PBXNativeTarget "bubbelUITests" */;
			buildPhases = (
				D2DCB2E72A4F8C1100A4F0F7 /* Sources */,
				D2DCB2E82A4F8C1100A4F0F7 /* Frameworks */,
				D2DCB2E92A4F8C1100A4F0F7 /* Resources */,
			);
			buildRules = (
			);
			dependencies = (
				D2DCB2ED2A4F8C1100A4F0F7 /* PBXTargetDependency */,
			);
			name = bubbelUITests;
			productName = bubbelUITests;
			productReference = D2DCB2EB2A4F8C1100A4F0F7 /* bubbelUITests.xctest */;
			productType = "com.apple.product-type.bundle.ui-testing";
		};
/* End PBXNativeTarget section */

/* Begin PBXProject section */
		D2DCB2C92A4F8C1000A4F0F7 /* Project object */ = {
			isa = PBXProject;
			attributes = {
				BuildIndependentTargetsInParallel = 1;
				LastSwiftUpdateCheck = 1430;
				LastUpgradeCheck = 1430;
				TargetAttributes = {
					D2DCB2D02A4F8C1000A4F0F7 = {
						CreatedOnToolsVersion = 14.3.1;
					};
					D2DCB2E02A4F8C1100A4F0F7 = {
						CreatedOnToolsVersion = 14.3.1;
						TestTargetID = D2DCB2D02A4F8C1000A4F0F7;
					};
					D2DCB2EA2A4F8C1100A4F0F7 = {
						CreatedOnToolsVersion = 14.3.1;
						TestTargetID = D2DCB2D02A4F8C1000A4F0F7;
					};
				};
			};
			buildConfigurationList = D2DCB2CC2A4F8C1000A4F0F7 /* Build configuration list for PBXProject "bubbel" */;
			compatibilityVersion = "Xcode 14.0";
			developmentRegion = en;
			hasScannedForEncodings = 0;
			knownRegions = (
				en,
				Base,
			);
			mainGroup = D2DCB2C82A4F8C1000A4F0F7;
			productRefGroup = D2DCB2D22A4F8C1000A4F0F7 /* Products */;
			projectDirPath = "";
			projectRoot = "";
			targets = (
				D2DCB2D02A4F8C1000A4F0F7 /* bubbel */,
				D2DCB2E02A4F8C1100A4F0F7 /* bubbelTests */,
				D2DCB2EA2A4F8C1100A4F0F7 /* bubbelUITests */,
			);
		};
/* End PBXProject section */

/* Begin PBXResourcesBuildPhase section */
		D2DCB2CF2A4F8C1000A4F0F7 /* Resources */ = {
			isa = PBXResourcesBuildPhase;
			buildActionMask = 2147483647;
			files = (
				D2EFA2A32A534A6000C29566 /* CircularStd-Bold.ttf in Resources */,
				D2EFA2922A533CF400C29566 /* CircularStd-BoldItalic.ttf in Resources */,
				D2DCB2DC2A4F8C1100A4F0F7 /* Preview Assets.xcassets in Resources */,
				D2DCB2D92A4F8C1100A4F0F7 /* Assets.xcassets in Resources */,
				D2EFA2982A533D4400C29566 /* CircularStd-Medium.ttf in Resources */,
				D2EFA2942A533D2400C29566 /* CircularStd-Book.ttf in Resources */,
				D2EFA2962A533D2E00C29566 /* CircularStd-BookItalic.ttf in Resources */,
				D2EFA29C2A533D6200C29566 /* CircularStd-BlackItalic.ttf in Resources */,
				D2EFA29A2A533D5000C29566 /* CircularStd-Black.ttf in Resources */,
			);
			runOnlyForDeploymentPostprocessing = 0;
		};
		D2DCB2DF2A4F8C1100A4F0F7 /* Resources */ = {
			isa = PBXResourcesBuildPhase;
			buildActionMask = 2147483647;
			files = (
			);
			runOnlyForDeploymentPostprocessing = 0;
		};
		D2DCB2E92A4F8C1100A4F0F7 /* Resources */ = {
			isa = PBXResourcesBuildPhase;
			buildActionMask = 2147483647;
			files = (
			);
			runOnlyForDeploymentPostprocessing = 0;
		};
/* End PBXResourcesBuildPhase section */

/* Begin PBXSourcesBuildPhase section */
		D2DCB2CD2A4F8C1000A4F0F7 /* Sources */ = {
			isa = PBXSourcesBuildPhase;
			buildActionMask = 2147483647;
			files = (
				D2DCB2D72A4F8C1000A4F0F7 /* LoginView.swift in Sources */,
				D2C64B162A5D125C00A15989 /* Profile.swift in Sources */,
				D2DC1F352A5EF2D300D5D254 /* ForgetPassUser.swift in Sources */,
				D2DCB2D52A4F8C1000A4F0F7 /* bubbelApp.swift in Sources */,
				D292BAEF2A62CC2600D10A98 /* Backend.swift in Sources */,
				D2F1BE442A52221D0035DC62 /* Onboard4.swift in Sources */,
				D2C64B0F2A5D0DE400A15989 /* BottomView.swift in Sources */,
				D2F1BE462A5225590035DC62 /* OnboardingView.swift in Sources */,
				D2DC1F372A5F078400D5D254 /* ResVerification.swift in Sources */,
				D2DC0BE72A506C1700AF9F68 /* SIgnUpView.swift in Sources */,
				D2C64B182A5D1C5500A15989 /* Select.swift in Sources */,
				D2E9471B2A6B100C00249AB1 /* Setting.swift in Sources */,
				D206E5792A5B80A90040E62A /* HomeView.swift in Sources */,
				D2DC1F392A5F1C2B00D5D254 /* ResPassword.swift in Sources */,
				D2F1BE422A52214A0035DC62 /* Onboard3.swift in Sources */,
				D29203482A51E4020051B1DC /* VerificationView.swift in Sources */,
				D2EFA28D2A5321D400C29566 /* SplashScreenView.swift in Sources */,
				D292034D2A51F01E0051B1DC /* Onboard2.swift in Sources */,
				D292034B2A51F0090051B1DC /* Onboard1.swift in Sources */,
				D2C64B122A5D0F8B00A15989 /* Clubs.swift in Sources */,
				D2C64B142A5D11F900A15989 /* Message.swift in Sources */,
			);
			runOnlyForDeploymentPostprocessing = 0;
		};
		D2DCB2DD2A4F8C1100A4F0F7 /* Sources */ = {
			isa = PBXSourcesBuildPhase;
			buildActionMask = 2147483647;
			files = (
				D2DCB2E62A4F8C1100A4F0F7 /* bubbelTests.swift in Sources */,
			);
			runOnlyForDeploymentPostprocessing = 0;
		};
		D2DCB2E72A4F8C1100A4F0F7 /* Sources */ = {
			isa = PBXSourcesBuildPhase;
			buildActionMask = 2147483647;
			files = (
				D2DCB2F22A4F8C1100A4F0F7 /* bubbelUITestsLaunchTests.swift in Sources */,
				D2DCB2F02A4F8C1100A4F0F7 /* bubbelUITests.swift in Sources */,
			);
			runOnlyForDeploymentPostprocessing = 0;
		};
/* End PBXSourcesBuildPhase section */

/* Begin PBXTargetDependency section */
		D2DCB2E32A4F8C1100A4F0F7 /* PBXTargetDependency */ = {
			isa = PBXTargetDependency;
			target = D2DCB2D02A4F8C1000A4F0F7 /* bubbel */;
			targetProxy = D2DCB2E22A4F8C1100A4F0F7 /* PBXContainerItemProxy */;
		};
		D2DCB2ED2A4F8C1100A4F0F7 /* PBXTargetDependency */ = {
			isa = PBXTargetDependency;
			target = D2DCB2D02A4F8C1000A4F0F7 /* bubbel */;
			targetProxy = D2DCB2EC2A4F8C1100A4F0F7 /* PBXContainerItemProxy */;
		};
/* End PBXTargetDependency section */

/* Begin XCBuildConfiguration section */
		D2DCB2F32A4F8C1100A4F0F7 /* Debug */ = {
			isa = XCBuildConfiguration;
			buildSettings = {
				ALWAYS_SEARCH_USER_PATHS = NO;
				CLANG_ANALYZER_NONNULL = YES;
				CLANG_ANALYZER_NUMBER_OBJECT_CONVERSION = YES_AGGRESSIVE;
				CLANG_CXX_LANGUAGE_STANDARD = "gnu++20";
				CLANG_ENABLE_MODULES = YES;
				CLANG_ENABLE_OBJC_ARC = YES;
				CLANG_ENABLE_OBJC_WEAK = YES;
				CLANG_WARN_BLOCK_CAPTURE_AUTORELEASING = YES;
				CLANG_WARN_BOOL_CONVERSION = YES;
				CLANG_WARN_COMMA = YES;
				CLANG_WARN_CONSTANT_CONVERSION = YES;
				CLANG_WARN_DEPRECATED_OBJC_IMPLEMENTATIONS = YES;
				CLANG_WARN_DIRECT_OBJC_ISA_USAGE = YES_ERROR;
				CLANG_WARN_DOCUMENTATION_COMMENTS = YES;
				CLANG_WARN_EMPTY_BODY = YES;
				CLANG_WARN_ENUM_CONVERSION = YES;
				CLANG_WARN_INFINITE_RECURSION = YES;
				CLANG_WARN_INT_CONVERSION = YES;
				CLANG_WARN_NON_LITERAL_NULL_CONVERSION = YES;
				CLANG_WARN_OBJC_IMPLICIT_RETAIN_SELF = YES;
				CLANG_WARN_OBJC_LITERAL_CONVERSION = YES;
				CLANG_WARN_OBJC_ROOT_CLASS = YES_ERROR;
				CLANG_WARN_QUOTED_INCLUDE_IN_FRAMEWORK_HEADER = YES;
				CLANG_WARN_RANGE_LOOP_ANALYSIS = YES;
				CLANG_WARN_STRICT_PROTOTYPES = YES;
				CLANG_WARN_SUSPICIOUS_MOVE = YES;
				CLANG_WARN_UNGUARDED_AVAILABILITY = YES_AGGRESSIVE;
				CLANG_WARN_UNREACHABLE_CODE = YES;
				CLANG_WARN__DUPLICATE_METHOD_MATCH = YES;
				COPY_PHASE_STRIP = NO;
				DEBUG_INFORMATION_FORMAT = dwarf;
				ENABLE_STRICT_OBJC_MSGSEND = YES;
				ENABLE_TESTABILITY = YES;
				GCC_C_LANGUAGE_STANDARD = gnu11;
				GCC_DYNAMIC_NO_PIC = NO;
				GCC_NO_COMMON_BLOCKS = YES;
				GCC_OPTIMIZATION_LEVEL = 0;
				GCC_PREPROCESSOR_DEFINITIONS = (
					"DEBUG=1",
					"$(inherited)",
				);
				GCC_WARN_64_TO_32_BIT_CONVERSION = YES;
				GCC_WARN_ABOUT_RETURN_TYPE = YES_ERROR;
				GCC_WARN_UNDECLARED_SELECTOR = YES;
				GCC_WARN_UNINITIALIZED_AUTOS = YES_AGGRESSIVE;
				GCC_WARN_UNUSED_FUNCTION = YES;
				GCC_WARN_UNUSED_VARIABLE = YES;
				IPHONEOS_DEPLOYMENT_TARGET = 16.4;
				MTL_ENABLE_DEBUG_INFO = INCLUDE_SOURCE;
				MTL_FAST_MATH = YES;
				ONLY_ACTIVE_ARCH = YES;
				SDKROOT = iphoneos;
				SWIFT_ACTIVE_COMPILATION_CONDITIONS = DEBUG;
				SWIFT_OPTIMIZATION_LEVEL = "-Onone";
			};
			name = Debug;
		};
		D2DCB2F42A4F8C1100A4F0F7 /* Release */ = {
			isa = XCBuildConfiguration;
			buildSettings = {
				ALWAYS_SEARCH_USER_PATHS = NO;
				CLANG_ANALYZER_NONNULL = YES;
				CLANG_ANALYZER_NUMBER_OBJECT_CONVERSION = YES_AGGRESSIVE;
				CLANG_CXX_LANGUAGE_STANDARD = "gnu++20";
				CLANG_ENABLE_MODULES = YES;
				CLANG_ENABLE_OBJC_ARC = YES;
				CLANG_ENABLE_OBJC_WEAK = YES;
				CLANG_WARN_BLOCK_CAPTURE_AUTORELEASING = YES;
				CLANG_WARN_BOOL_CONVERSION = YES;
				CLANG_WARN_COMMA = YES;
				CLANG_WARN_CONSTANT_CONVERSION = YES;
				CLANG_WARN_DEPRECATED_OBJC_IMPLEMENTATIONS = YES;
				CLANG_WARN_DIRECT_OBJC_ISA_USAGE = YES_ERROR;
				CLANG_WARN_DOCUMENTATION_COMMENTS = YES;
				CLANG_WARN_EMPTY_BODY = YES;
				CLANG_WARN_ENUM_CONVERSION = YES;
				CLANG_WARN_INFINITE_RECURSION = YES;
				CLANG_WARN_INT_CONVERSION = YES;
				CLANG_WARN_NON_LITERAL_NULL_CONVERSION = YES;
				CLANG_WARN_OBJC_IMPLICIT_RETAIN_SELF = YES;
				CLANG_WARN_OBJC_LITERAL_CONVERSION = YES;
				CLANG_WARN_OBJC_ROOT_CLASS = YES_ERROR;
				CLANG_WARN_QUOTED_INCLUDE_IN_FRAMEWORK_HEADER = YES;
				CLANG_WARN_RANGE_LOOP_ANALYSIS = YES;
				CLANG_WARN_STRICT_PROTOTYPES = YES;
				CLANG_WARN_SUSPICIOUS_MOVE = YES;
				CLANG_WARN_UNGUARDED_AVAILABILITY = YES_AGGRESSIVE;
				CLANG_WARN_UNREACHABLE_CODE = YES;
				CLANG_WARN__DUPLICATE_METHOD_MATCH = YES;
				COPY_PHASE_STRIP = NO;
				DEBUG_INFORMATION_FORMAT = "dwarf-with-dsym";
				ENABLE_NS_ASSERTIONS = NO;
				ENABLE_STRICT_OBJC_MSGSEND = YES;
				GCC_C_LANGUAGE_STANDARD = gnu11;
				GCC_NO_COMMON_BLOCKS = YES;
				GCC_WARN_64_TO_32_BIT_CONVERSION = YES;
				GCC_WARN_ABOUT_RETURN_TYPE = YES_ERROR;
				GCC_WARN_UNDECLARED_SELECTOR = YES;
				GCC_WARN_UNINITIALIZED_AUTOS = YES_AGGRESSIVE;
				GCC_WARN_UNUSED_FUNCTION = YES;
				GCC_WARN_UNUSED_VARIABLE = YES;
				IPHONEOS_DEPLOYMENT_TARGET = 16.4;
				MTL_ENABLE_DEBUG_INFO = NO;
				MTL_FAST_MATH = YES;
				SDKROOT = iphoneos;
				SWIFT_COMPILATION_MODE = wholemodule;
				SWIFT_OPTIMIZATION_LEVEL = "-O";
				VALIDATE_PRODUCT = YES;
			};
			name = Release;
		};
		D2DCB2F62A4F8C1100A4F0F7 /* Debug */ = {
			isa = XCBuildConfiguration;
			buildSettings = {
				ASSETCATALOG_COMPILER_APPICON_NAME = AppIcon;
				ASSETCATALOG_COMPILER_GLOBAL_ACCENT_COLOR_NAME = AccentColor;
				CODE_SIGN_STYLE = Automatic;
				CURRENT_PROJECT_VERSION = 1;
				DEVELOPMENT_ASSET_PATHS = "\"bubbel/Preview Content\"";
				ENABLE_PREVIEWS = YES;
				GENERATE_INFOPLIST_FILE = YES;
				INFOPLIST_FILE = bubbel/Info.plist;
				INFOPLIST_KEY_UIApplicationSceneManifest_Generation = YES;
				INFOPLIST_KEY_UIApplicationSupportsIndirectInputEvents = YES;
				INFOPLIST_KEY_UILaunchScreen_Generation = YES;
				INFOPLIST_KEY_UISupportedInterfaceOrientations_iPad = "UIInterfaceOrientationPortrait UIInterfaceOrientationPortraitUpsideDown UIInterfaceOrientationLandscapeLeft UIInterfaceOrientationLandscapeRight";
				INFOPLIST_KEY_UISupportedInterfaceOrientations_iPhone = "UIInterfaceOrientationPortrait UIInterfaceOrientationLandscapeLeft UIInterfaceOrientationLandscapeRight";
				LD_RUNPATH_SEARCH_PATHS = (
					"$(inherited)",
					"@executable_path/Frameworks",
				);
				MARKETING_VERSION = 1.0;
				PRODUCT_BUNDLE_IDENTIFIER = cal.bubbel;
				PRODUCT_NAME = "$(TARGET_NAME)";
				SWIFT_EMIT_LOC_STRINGS = YES;
				SWIFT_VERSION = 5.0;
				TARGETED_DEVICE_FAMILY = "1,2";
			};
			name = Debug;
		};
		D2DCB2F72A4F8C1100A4F0F7 /* Release */ = {
			isa = XCBuildConfiguration;
			buildSettings = {
				ASSETCATALOG_COMPILER_APPICON_NAME = AppIcon;
				ASSETCATALOG_COMPILER_GLOBAL_ACCENT_COLOR_NAME = AccentColor;
				CODE_SIGN_STYLE = Automatic;
				CURRENT_PROJECT_VERSION = 1;
				DEVELOPMENT_ASSET_PATHS = "\"bubbel/Preview Content\"";
				ENABLE_PREVIEWS = YES;
				GENERATE_INFOPLIST_FILE = YES;
				INFOPLIST_FILE = bubbel/Info.plist;
				INFOPLIST_KEY_UIApplicationSceneManifest_Generation = YES;
				INFOPLIST_KEY_UIApplicationSupportsIndirectInputEvents = YES;
				INFOPLIST_KEY_UILaunchScreen_Generation = YES;
				INFOPLIST_KEY_UISupportedInterfaceOrientations_iPad = "UIInterfaceOrientationPortrait UIInterfaceOrientationPortraitUpsideDown UIInterfaceOrientationLandscapeLeft UIInterfaceOrientationLandscapeRight";
				INFOPLIST_KEY_UISupportedInterfaceOrientations_iPhone = "UIInterfaceOrientationPortrait UIInterfaceOrientationLandscapeLeft UIInterfaceOrientationLandscapeRight";
				LD_RUNPATH_SEARCH_PATHS = (
					"$(inherited)",
					"@executable_path/Frameworks",
				);
				MARKETING_VERSION = 1.0;
				PRODUCT_BUNDLE_IDENTIFIER = cal.bubbel;
				PRODUCT_NAME = "$(TARGET_NAME)";
				SWIFT_EMIT_LOC_STRINGS = YES;
				SWIFT_VERSION = 5.0;
				TARGETED_DEVICE_FAMILY = "1,2";
			};
			name = Release;
		};
		D2DCB2F92A4F8C1100A4F0F7 /* Debug */ = {
			isa = XCBuildConfiguration;
			buildSettings = {
				ALWAYS_EMBED_SWIFT_STANDARD_LIBRARIES = YES;
				BUNDLE_LOADER = "$(TEST_HOST)";
				CODE_SIGN_STYLE = Automatic;
				CURRENT_PROJECT_VERSION = 1;
				GENERATE_INFOPLIST_FILE = YES;
				IPHONEOS_DEPLOYMENT_TARGET = 16.4;
				MARKETING_VERSION = 1.0;
				PRODUCT_BUNDLE_IDENTIFIER = cal.bubbelTests;
				PRODUCT_NAME = "$(TARGET_NAME)";
				SWIFT_EMIT_LOC_STRINGS = NO;
				SWIFT_VERSION = 5.0;
				TARGETED_DEVICE_FAMILY = "1,2";
				TEST_HOST = "$(BUILT_PRODUCTS_DIR)/bubbel.app/$(BUNDLE_EXECUTABLE_FOLDER_PATH)/bubbel";
			};
			name = Debug;
		};
		D2DCB2FA2A4F8C1100A4F0F7 /* Release */ = {
			isa = XCBuildConfiguration;
			buildSettings = {
				ALWAYS_EMBED_SWIFT_STANDARD_LIBRARIES = YES;
				BUNDLE_LOADER = "$(TEST_HOST)";
				CODE_SIGN_STYLE = Automatic;
				CURRENT_PROJECT_VERSION = 1;
				GENERATE_INFOPLIST_FILE = YES;
				IPHONEOS_DEPLOYMENT_TARGET = 16.4;
				MARKETING_VERSION = 1.0;
				PRODUCT_BUNDLE_IDENTIFIER = cal.bubbelTests;
				PRODUCT_NAME = "$(TARGET_NAME)";
				SWIFT_EMIT_LOC_STRINGS = NO;
				SWIFT_VERSION = 5.0;
				TARGETED_DEVICE_FAMILY = "1,2";
				TEST_HOST = "$(BUILT_PRODUCTS_DIR)/bubbel.app/$(BUNDLE_EXECUTABLE_FOLDER_PATH)/bubbel";
			};
			name = Release;
		};
		D2DCB2FC2A4F8C1100A4F0F7 /* Debug */ = {
			isa = XCBuildConfiguration;
			buildSettings = {
				ALWAYS_EMBED_SWIFT_STANDARD_LIBRARIES = YES;
				CODE_SIGN_STYLE = Automatic;
				CURRENT_PROJECT_VERSION = 1;
				GENERATE_INFOPLIST_FILE = YES;
				MARKETING_VERSION = 1.0;
				PRODUCT_BUNDLE_IDENTIFIER = cal.bubbelUITests;
				PRODUCT_NAME = "$(TARGET_NAME)";
				SWIFT_EMIT_LOC_STRINGS = NO;
				SWIFT_VERSION = 5.0;
				TARGETED_DEVICE_FAMILY = "1,2";
				TEST_TARGET_NAME = bubbel;
			};
			name = Debug;
		};
		D2DCB2FD2A4F8C1100A4F0F7 /* Release */ = {
			isa = XCBuildConfiguration;
			buildSettings = {
				ALWAYS_EMBED_SWIFT_STANDARD_LIBRARIES = YES;
				CODE_SIGN_STYLE = Automatic;
				CURRENT_PROJECT_VERSION = 1;
				GENERATE_INFOPLIST_FILE = YES;
				MARKETING_VERSION = 1.0;
				PRODUCT_BUNDLE_IDENTIFIER = cal.bubbelUITests;
				PRODUCT_NAME = "$(TARGET_NAME)";
				SWIFT_EMIT_LOC_STRINGS = NO;
				SWIFT_VERSION = 5.0;
				TARGETED_DEVICE_FAMILY = "1,2";
				TEST_TARGET_NAME = bubbel;
			};
			name = Release;
		};
/* End XCBuildConfiguration section */

/* Begin XCConfigurationList section */
		D2DCB2CC2A4F8C1000A4F0F7 /* Build configuration list for PBXProject "bubbel" */ = {
			isa = XCConfigurationList;
			buildConfigurations = (
				D2DCB2F32A4F8C1100A4F0F7 /* Debug */,
				D2DCB2F42A4F8C1100A4F0F7 /* Release */,
			);
			defaultConfigurationIsVisible = 0;
			defaultConfigurationName = Release;
		};
		D2DCB2F52A4F8C1100A4F0F7 /* Build configuration list for PBXNativeTarget "bubbel" */ = {
			isa = XCConfigurationList;
			buildConfigurations = (
				D2DCB2F62A4F8C1100A4F0F7 /* Debug */,
				D2DCB2F72A4F8C1100A4F0F7 /* Release */,
			);
			defaultConfigurationIsVisible = 0;
			defaultConfigurationName = Release;
		};
		D2DCB2F82A4F8C1100A4F0F7 /* Build configuration list for PBXNativeTarget "bubbelTests" */ = {
			isa = XCConfigurationList;
			buildConfigurations = (
				D2DCB2F92A4F8C1100A4F0F7 /* Debug */,
				D2DCB2FA2A4F8C1100A4F0F7 /* Release */,
			);
			defaultConfigurationIsVisible = 0;
			defaultConfigurationName = Release;
		};
		D2DCB2FB2A4F8C1100A4F0F7 /* Build configuration list for PBXNativeTarget "bubbelUITests" */ = {
			isa = XCConfigurationList;
			buildConfigurations = (
				D2DCB2FC2A4F8C1100A4F0F7 /* Debug */,
				D2DCB2FD2A4F8C1100A4F0F7 /* Release */,
			);
			defaultConfigurationIsVisible = 0;
			defaultConfigurationName = Release;
		};
/* End XCConfigurationList section */
	};
	rootObject = D2DCB2C92A4F8C1000A4F0F7 /* Project object */;
}
